
Microsoft Visual Studio Solution File, Format Version 12.00
# Visual Studio Version 16
VisualStudioVersion = 16.0.29519.181
MinimumVisualStudioVersion = 10.0.40219.1
Project("{FAE04EC0-301F-11D3-BF4B-00C04F79EFBC}") = "CheckGitHubVisualStudioMEF", "CheckGitHubVisualStudioMEF\CheckGitHubVisualStudioMEF.csproj", "{DBCC1D1B-2109-4AD7-B81E-A40BCE289AA4}"
EndProject
Global
	GlobalSection(SolutionConfigurationPlatforms) = preSolution
		Debug|Any CPU = Debug|Any CPU
		Release|Any CPU = Release|Any CPU
	EndGlobalSection
	GlobalSection(ProjectConfigurationPlatforms) = postSolution
		{DBCC1D1B-2109-4AD7-B81E-A40BCE289AA4}.Debug|Any CPU.ActiveCfg = Debug|Any CPU
		{DBCC1D1B-2109-4AD7-B81E-A40BCE289AA4}.Debug|Any CPU.Build.0 = Debug|Any CPU
		{DBCC1D1B-2109-4AD7-B81E-A40BCE289AA4}.Release|Any CPU.ActiveCfg = Release|Any CPU
		{DBCC1D1B-2109-4AD7-B81E-A40BCE289AA4}.Release|Any CPU.Build.0 = Release|Any CPU
	EndGlobalSection
	GlobalSection(SolutionProperties) = preSolution
		HideSolutionNode = FALSE
	EndGlobalSection
	GlobalSection(ExtensibilityGlobals) = postSolution
		SolutionGuid = {7BA28B63-0D60-46E0-B7F0-AE1C9B13AABA}
	EndGlobalSection
EndGlobal
